
Microsoft Visual Studio Solution File, Format Version 12.00
# Visual Studio Version 17
VisualStudioVersion = 17.1.32228.430
MinimumVisualStudioVersion = 10.0.40219.1
Project("{9A19103F-16F7-4668-BE54-9A1E7A4F7556}") = "IEGEasyCreditCardService", "IEGEasyCreditCardService\IEGEasyCreditCardService.csproj", "{4633789E-F239-48E6-BA8A-F2548CEEA355}"
EndProject
Project("{9A19103F-16F7-4668-BE54-9A1E7A4F7556}") = "MeiShop", "MeiShop\MeiShop.csproj", "{5DB8F19B-9A40-4A40-AE3B-43729942F57E}"
EndProject
Project("{2150E333-8FDC-42A3-9474-1A3956D46DE8}") = "Documents", "Documents", "{F1AF9396-EBF5-4C45-A9C4-DC37B08BF7DC}"
	ProjectSection(SolutionItems) = preProject
		Azure Function.txt = Azure Function.txt
	EndProjectSection
EndProject
Project("{2150E333-8FDC-42A3-9474-1A3956D46DE8}") = "DiscoveryWithConsul", "DiscoveryWithConsul", "{B8FBB426-BE33-4B45-B17F-EA38FFE9D913}"
EndProject
Project("{9A19103F-16F7-4668-BE54-9A1E7A4F7556}") = "ConsulDiscovery", "ConsulDiscovery\ConsulDiscovery.csproj", "{026C92E1-BB6B-4FCA-863D-5707F422D9A1}"
EndProject
Project("{9A19103F-16F7-4668-BE54-9A1E7A4F7556}") = "ProductCatalogService", "ProductCatalogService\ProductCatalogService.csproj", "{70F3BC8A-691B-4623-9787-95CD92BF5BF7}"
EndProject
Project("{9A19103F-16F7-4668-BE54-9A1E7A4F7556}") = "SecretService", "SecretService\SecretService.csproj", "{A45C9780-9778-499B-A37C-4C4580CFE135}"
EndProject
Project("{9A19103F-16F7-4668-BE54-9A1E7A4F7556}") = "FormDraftService", "FormDraftService\FormDraftService.csproj", "{60282EDC-ECBB-42B4-AB0B-B01D527073C6}"
EndProject
Project("{FAE04EC0-301F-11D3-BF4B-00C04F79EFBC}") = "FormPublishService", "FormPublishService\FormPublishService.csproj", "{21D5C05B-2926-4BBF-BD9A-1A5CA9F03E04}"
EndProject
Global
	GlobalSection(SolutionConfigurationPlatforms) = preSolution
		Debug|Any CPU = Debug|Any CPU
		Release|Any CPU = Release|Any CPU
	EndGlobalSection
	GlobalSection(ProjectConfigurationPlatforms) = postSolution
		{4633789E-F239-48E6-BA8A-F2548CEEA355}.Debug|Any CPU.ActiveCfg = Debug|Any CPU
		{4633789E-F239-48E6-BA8A-F2548CEEA355}.Debug|Any CPU.Build.0 = Debug|Any CPU
		{4633789E-F239-48E6-BA8A-F2548CEEA355}.Release|Any CPU.ActiveCfg = Release|Any CPU
		{4633789E-F239-48E6-BA8A-F2548CEEA355}.Release|Any CPU.Build.0 = Release|Any CPU
		{5DB8F19B-9A40-4A40-AE3B-43729942F57E}.Debug|Any CPU.ActiveCfg = Debug|Any CPU
		{5DB8F19B-9A40-4A40-AE3B-43729942F57E}.Debug|Any CPU.Build.0 = Debug|Any CPU
		{5DB8F19B-9A40-4A40-AE3B-43729942F57E}.Release|Any CPU.ActiveCfg = Release|Any CPU
		{5DB8F19B-9A40-4A40-AE3B-43729942F57E}.Release|Any CPU.Build.0 = Release|Any CPU
		{026C92E1-BB6B-4FCA-863D-5707F422D9A1}.Debug|Any CPU.ActiveCfg = Debug|Any CPU
		{026C92E1-BB6B-4FCA-863D-5707F422D9A1}.Debug|Any CPU.Build.0 = Debug|Any CPU
		{026C92E1-BB6B-4FCA-863D-5707F422D9A1}.Release|Any CPU.ActiveCfg = Release|Any CPU
		{026C92E1-BB6B-4FCA-863D-5707F422D9A1}.Release|Any CPU.Build.0 = Release|Any CPU
		{70F3BC8A-691B-4623-9787-95CD92BF5BF7}.Debug|Any CPU.ActiveCfg = Debug|Any CPU
		{70F3BC8A-691B-4623-9787-95CD92BF5BF7}.Debug|Any CPU.Build.0 = Debug|Any CPU
		{70F3BC8A-691B-4623-9787-95CD92BF5BF7}.Release|Any CPU.ActiveCfg = Release|Any CPU
		{70F3BC8A-691B-4623-9787-95CD92BF5BF7}.Release|Any CPU.Build.0 = Release|Any CPU
		{A45C9780-9778-499B-A37C-4C4580CFE135}.Debug|Any CPU.ActiveCfg = Debug|Any CPU
		{A45C9780-9778-499B-A37C-4C4580CFE135}.Debug|Any CPU.Build.0 = Debug|Any CPU
		{A45C9780-9778-499B-A37C-4C4580CFE135}.Release|Any CPU.ActiveCfg = Release|Any CPU
		{A45C9780-9778-499B-A37C-4C4580CFE135}.Release|Any CPU.Build.0 = Release|Any CPU
		{60282EDC-ECBB-42B4-AB0B-B01D527073C6}.Debug|Any CPU.ActiveCfg = Debug|Any CPU
		{60282EDC-ECBB-42B4-AB0B-B01D527073C6}.Debug|Any CPU.Build.0 = Debug|Any CPU
		{60282EDC-ECBB-42B4-AB0B-B01D527073C6}.Release|Any CPU.ActiveCfg = Release|Any CPU
		{60282EDC-ECBB-42B4-AB0B-B01D527073C6}.Release|Any CPU.Build.0 = Release|Any CPU
		{21D5C05B-2926-4BBF-BD9A-1A5CA9F03E04}.Debug|Any CPU.ActiveCfg = Debug|Any CPU
		{21D5C05B-2926-4BBF-BD9A-1A5CA9F03E04}.Debug|Any CPU.Build.0 = Debug|Any CPU
		{21D5C05B-2926-4BBF-BD9A-1A5CA9F03E04}.Release|Any CPU.ActiveCfg = Release|Any CPU
		{21D5C05B-2926-4BBF-BD9A-1A5CA9F03E04}.Release|Any CPU.Build.0 = Release|Any CPU
	EndGlobalSection
	GlobalSection(SolutionProperties) = preSolution
		HideSolutionNode = FALSE
	EndGlobalSection
	GlobalSection(NestedProjects) = preSolution
		{026C92E1-BB6B-4FCA-863D-5707F422D9A1} = {B8FBB426-BE33-4B45-B17F-EA38FFE9D913}
	EndGlobalSection
	GlobalSection(ExtensibilityGlobals) = postSolution
		SolutionGuid = {93C042C2-F1A9-4F52-B941-5D74A4E183E2}
	EndGlobalSection
EndGlobal
